
Microsoft Visual Studio Solution File, Format Version 12.00
# Visual Studio Version 16
VisualStudioVersion = 16.0.30804.86
MinimumVisualStudioVersion = 10.0.40219.1
Project("{9A19103F-16F7-4668-BE54-9A1E7A4F7556}") = "Mess", "Mess.csproj", "{3BEC4071-88DB-4652-B0D1-D28C57FFCAF8}"
EndProject
Global
	GlobalSection(SolutionConfigurationPlatforms) = preSolution
		Debug|Any CPU = Debug|Any CPU
		Release|Any CPU = Release|Any CPU
	EndGlobalSection
	GlobalSection(ProjectConfigurationPlatforms) = postSolution
		{3BEC4071-88DB-4652-B0D1-D28C57FFCAF8}.Debug|Any CPU.ActiveCfg = Debug|Any CPU
		{3BEC4071-88DB-4652-B0D1-D28C57FFCAF8}.Debug|Any CPU.Build.0 = Debug|Any CPU
		{3BEC4071-88DB-4652-B0D1-D28C57FFCAF8}.Release|Any CPU.ActiveCfg = Release|Any CPU
		{3BEC4071-88DB-4652-B0D1-D28C57FFCAF8}.Release|Any CPU.Build.0 = Release|Any CPU
	EndGlobalSection
	GlobalSection(SolutionProperties) = preSolution
		HideSolutionNode = FALSE
	EndGlobalSection
	GlobalSection(ExtensibilityGlobals) = postSolution
		SolutionGuid = {C6019F3D-EC30-44BF-B123-70C5FB15FF4B}
	EndGlobalSection
EndGlobal
